
Microsoft Visual Studio Solution File, Format Version 12.00
# Visual Studio Version 16
VisualStudioVersion = 16.0.31702.278
MinimumVisualStudioVersion = 10.0.40219.1
Project("{8BC9CEB8-8B4A-11D0-8D11-00A0C91BC942}") = "sorting-algorithms", "sorting-algorithms\sorting-algorithms.vcxproj", "{3D602EB0-BC70-4EEE-8379-CC8EFE8B64FE}"
EndProject
Global
	GlobalSection(SolutionConfigurationPlatforms) = preSolution
		Debug|x64 = Debug|x64
		Debug|x86 = Debug|x86
		Release|x64 = Release|x64
		Release|x86 = Release|x86
	EndGlobalSection
	GlobalSection(ProjectConfigurationPlatforms) = postSolution
		{3D602EB0-BC70-4EEE-8379-CC8EFE8B64FE}.Debug|x64.ActiveCfg = Debug|x64
		{3D602EB0-BC70-4EEE-8379-CC8EFE8B64FE}.Debug|x64.Build.0 = Debug|x64
		{3D602EB0-BC70-4EEE-8379-CC8EFE8B64FE}.Debug|x86.ActiveCfg = Debug|Win32
		{3D602EB0-BC70-4EEE-8379-CC8EFE8B64FE}.Debug|x86.Build.0 = Debug|Win32
		{3D602EB0-BC70-4EEE-8379-CC8EFE8B64FE}.Release|x64.ActiveCfg = Release|x64
		{3D602EB0-BC70-4EEE-8379-CC8EFE8B64FE}.Release|x64.Build.0 = Release|x64
		{3D602EB0-BC70-4EEE-8379-CC8EFE8B64FE}.Release|x86.ActiveCfg = Release|Win32
		{3D602EB0-BC70-4EEE-8379-CC8EFE8B64FE}.Release|x86.Build.0 = Release|Win32
	EndGlobalSection
	GlobalSection(SolutionProperties) = preSolution
		HideSolutionNode = FALSE
	EndGlobalSection
	GlobalSection(ExtensibilityGlobals) = postSolution
		SolutionGuid = {B0F1B8DA-1A12-4F42-BBAB-34489820B077}
	EndGlobalSection
EndGlobal
